
Microsoft Visual Studio Solution File, Format Version 12.00
# Visual Studio Version 17
VisualStudioVersion = 17.4.33213.308
MinimumVisualStudioVersion = 10.0.40219.1
Project("{9A19103F-16F7-4668-BE54-9A1E7A4F7556}") = "DurableFunctions", "DurableFunctions\DurableFunctions.csproj", "{28DB81A5-3AD2-4775-821D-1B528D7CBFD4}"
EndProject
Project("{2150E333-8FDC-42A3-9474-1A3956D46DE8}") = "Solution Items", "Solution Items", "{F241B472-4D18-47DB-B66C-DFC6B95E3262}"
	ProjectSection(SolutionItems) = preProject
		Dockerfile = Dockerfile
		readme.md = readme.md
	EndProjectSection
EndProject
Project("{E53339B2-1760-4266-BCC7-CA923CBCF16C}") = "docker-compose", "docker-compose.dcproj", "{E214F984-82BF-4861-B6FF-C20684BD813F}"
EndProject
Project("{9A19103F-16F7-4668-BE54-9A1E7A4F7556}") = "AzureStorageQueueLoadApp", "AzureStorageQueueLoadApp\AzureStorageQueueLoadApp.csproj", "{4DD0EF96-2C3F-4088-A872-22F76A4BC4A8}"
EndProject
Global
	GlobalSection(SolutionConfigurationPlatforms) = preSolution
		Debug|Any CPU = Debug|Any CPU
		Release|Any CPU = Release|Any CPU
	EndGlobalSection
	GlobalSection(ProjectConfigurationPlatforms) = postSolution
		{28DB81A5-3AD2-4775-821D-1B528D7CBFD4}.Debug|Any CPU.ActiveCfg = Debug|Any CPU
		{28DB81A5-3AD2-4775-821D-1B528D7CBFD4}.Debug|Any CPU.Build.0 = Debug|Any CPU
		{28DB81A5-3AD2-4775-821D-1B528D7CBFD4}.Release|Any CPU.ActiveCfg = Release|Any CPU
		{28DB81A5-3AD2-4775-821D-1B528D7CBFD4}.Release|Any CPU.Build.0 = Release|Any CPU
		{E214F984-82BF-4861-B6FF-C20684BD813F}.Debug|Any CPU.ActiveCfg = Debug|Any CPU
		{E214F984-82BF-4861-B6FF-C20684BD813F}.Debug|Any CPU.Build.0 = Debug|Any CPU
		{E214F984-82BF-4861-B6FF-C20684BD813F}.Release|Any CPU.ActiveCfg = Release|Any CPU
		{E214F984-82BF-4861-B6FF-C20684BD813F}.Release|Any CPU.Build.0 = Release|Any CPU
		{4DD0EF96-2C3F-4088-A872-22F76A4BC4A8}.Debug|Any CPU.ActiveCfg = Debug|Any CPU
		{4DD0EF96-2C3F-4088-A872-22F76A4BC4A8}.Debug|Any CPU.Build.0 = Debug|Any CPU
		{4DD0EF96-2C3F-4088-A872-22F76A4BC4A8}.Release|Any CPU.ActiveCfg = Release|Any CPU
		{4DD0EF96-2C3F-4088-A872-22F76A4BC4A8}.Release|Any CPU.Build.0 = Release|Any CPU
	EndGlobalSection
	GlobalSection(SolutionProperties) = preSolution
		HideSolutionNode = FALSE
	EndGlobalSection
	GlobalSection(ExtensibilityGlobals) = postSolution
		SolutionGuid = {5AC020D8-04B1-4A65-8427-6674317F31AE}
	EndGlobalSection
EndGlobal
